
Microsoft Visual Studio Solution File, Format Version 12.00
# Visual Studio Version 17
VisualStudioVersion = 17.4.33205.214
MinimumVisualStudioVersion = 10.0.40219.1
Project("{9A19103F-16F7-4668-BE54-9A1E7A4F7556}") = "TodoList", "TodoList.csproj", "{905B735E-4AEF-4F4F-9AF1-A84874197FB2}"
EndProject
Global
	GlobalSection(SolutionConfigurationPlatforms) = preSolution
		Debug|Any CPU = Debug|Any CPU
		Release|Any CPU = Release|Any CPU
	EndGlobalSection
	GlobalSection(ProjectConfigurationPlatforms) = postSolution
		{905B735E-4AEF-4F4F-9AF1-A84874197FB2}.Debug|Any CPU.ActiveCfg = Debug|Any CPU
		{905B735E-4AEF-4F4F-9AF1-A84874197FB2}.Debug|Any CPU.Build.0 = Debug|Any CPU
		{905B735E-4AEF-4F4F-9AF1-A84874197FB2}.Release|Any CPU.ActiveCfg = Release|Any CPU
		{905B735E-4AEF-4F4F-9AF1-A84874197FB2}.Release|Any CPU.Build.0 = Release|Any CPU
	EndGlobalSection
	GlobalSection(SolutionProperties) = preSolution
		HideSolutionNode = FALSE
	EndGlobalSection
	GlobalSection(ExtensibilityGlobals) = postSolution
		SolutionGuid = {FF3F93B1-F655-4CFF-BC7C-BDBB3F390A8F}
	EndGlobalSection
EndGlobal
